
Microsoft Visual Studio Solution File, Format Version 12.00
# Visual Studio 15
VisualStudioVersion = 15.0.28307.705
MinimumVisualStudioVersion = 10.0.40219.1
Project("{9A19103F-16F7-4668-BE54-9A1E7A4F7556}") = "MissionLib", "MissionLib\MissionLib.csproj", "{64E4F421-DB2A-49EF-B727-01F739D99BF2}"
EndProject
Project("{FAE04EC0-301F-11D3-BF4B-00C04F79EFBC}") = "MissionLib.Test", "MissionLib.Test\MissionLib.Test.csproj", "{CA9397A4-45E6-4F94-9600-2B741732328F}"
EndProject
Project("{FAE04EC0-301F-11D3-BF4B-00C04F79EFBC}") = "Api.Enigma", "Api.Enigma\Api.Enigma.csproj", "{D75AB081-7AC8-4AF2-86D5-40E3A6AF58CA}"
EndProject
Global
	GlobalSection(SolutionConfigurationPlatforms) = preSolution
		Debug|Any CPU = Debug|Any CPU
		Release|Any CPU = Release|Any CPU
	EndGlobalSection
	GlobalSection(ProjectConfigurationPlatforms) = postSolution
		{64E4F421-DB2A-49EF-B727-01F739D99BF2}.Debug|Any CPU.ActiveCfg = Debug|Any CPU
		{64E4F421-DB2A-49EF-B727-01F739D99BF2}.Debug|Any CPU.Build.0 = Debug|Any CPU
		{64E4F421-DB2A-49EF-B727-01F739D99BF2}.Release|Any CPU.ActiveCfg = Release|Any CPU
		{64E4F421-DB2A-49EF-B727-01F739D99BF2}.Release|Any CPU.Build.0 = Release|Any CPU
		{CA9397A4-45E6-4F94-9600-2B741732328F}.Debug|Any CPU.ActiveCfg = Debug|Any CPU
		{CA9397A4-45E6-4F94-9600-2B741732328F}.Debug|Any CPU.Build.0 = Debug|Any CPU
		{CA9397A4-45E6-4F94-9600-2B741732328F}.Release|Any CPU.ActiveCfg = Release|Any CPU
		{CA9397A4-45E6-4F94-9600-2B741732328F}.Release|Any CPU.Build.0 = Release|Any CPU
		{D75AB081-7AC8-4AF2-86D5-40E3A6AF58CA}.Debug|Any CPU.ActiveCfg = Debug|Any CPU
		{D75AB081-7AC8-4AF2-86D5-40E3A6AF58CA}.Debug|Any CPU.Build.0 = Debug|Any CPU
		{D75AB081-7AC8-4AF2-86D5-40E3A6AF58CA}.Release|Any CPU.ActiveCfg = Release|Any CPU
		{D75AB081-7AC8-4AF2-86D5-40E3A6AF58CA}.Release|Any CPU.Build.0 = Release|Any CPU
	EndGlobalSection
	GlobalSection(SolutionProperties) = preSolution
		HideSolutionNode = FALSE
	EndGlobalSection
	GlobalSection(ExtensibilityGlobals) = postSolution
		SolutionGuid = {C876D33F-124A-4178-B6BF-6B3C7EFAA4D7}
	EndGlobalSection
EndGlobal
